
Microsoft Visual Studio Solution File, Format Version 12.00
# Visual Studio Version 17
VisualStudioVersion = 17.3.32929.385
MinimumVisualStudioVersion = 10.0.40219.1
Project("{8BC9CEB8-8B4A-11D0-8D11-00A0C91BC942}") = "11_7", "11_7\11_7.vcxproj", "{D93FB32D-23E7-4942-A020-C58D42D6453D}"
EndProject
Global
	GlobalSection(SolutionConfigurationPlatforms) = preSolution
		Debug|x64 = Debug|x64
		Debug|x86 = Debug|x86
		Release|x64 = Release|x64
		Release|x86 = Release|x86
	EndGlobalSection
	GlobalSection(ProjectConfigurationPlatforms) = postSolution
		{D93FB32D-23E7-4942-A020-C58D42D6453D}.Debug|x64.ActiveCfg = Debug|x64
		{D93FB32D-23E7-4942-A020-C58D42D6453D}.Debug|x64.Build.0 = Debug|x64
		{D93FB32D-23E7-4942-A020-C58D42D6453D}.Debug|x86.ActiveCfg = Debug|Win32
		{D93FB32D-23E7-4942-A020-C58D42D6453D}.Debug|x86.Build.0 = Debug|Win32
		{D93FB32D-23E7-4942-A020-C58D42D6453D}.Release|x64.ActiveCfg = Release|x64
		{D93FB32D-23E7-4942-A020-C58D42D6453D}.Release|x64.Build.0 = Release|x64
		{D93FB32D-23E7-4942-A020-C58D42D6453D}.Release|x86.ActiveCfg = Release|Win32
		{D93FB32D-23E7-4942-A020-C58D42D6453D}.Release|x86.Build.0 = Release|Win32
	EndGlobalSection
	GlobalSection(SolutionProperties) = preSolution
		HideSolutionNode = FALSE
	EndGlobalSection
	GlobalSection(ExtensibilityGlobals) = postSolution
		SolutionGuid = {5AABD7D2-8688-454A-8592-B2756E2FD133}
	EndGlobalSection
EndGlobal
